
Microsoft Visual Studio Solution File, Format Version 12.00
# Visual Studio 15
VisualStudioVersion = 15.0.27703.2018
MinimumVisualStudioVersion = 10.0.40219.1
Project("{FAE04EC0-301F-11D3-BF4B-00C04F79EFBC}") = "StringTipoReferencia", "StringTipoReferencia\StringTipoReferencia.csproj", "{3C63D007-D4D1-4E3B-96CB-A3B2660FFDDF}"
EndProject
Global
	GlobalSection(SolutionConfigurationPlatforms) = preSolution
		Debug|Any CPU = Debug|Any CPU
		Release|Any CPU = Release|Any CPU
	EndGlobalSection
	GlobalSection(ProjectConfigurationPlatforms) = postSolution
		{3C63D007-D4D1-4E3B-96CB-A3B2660FFDDF}.Debug|Any CPU.ActiveCfg = Debug|Any CPU
		{3C63D007-D4D1-4E3B-96CB-A3B2660FFDDF}.Debug|Any CPU.Build.0 = Debug|Any CPU
		{3C63D007-D4D1-4E3B-96CB-A3B2660FFDDF}.Release|Any CPU.ActiveCfg = Release|Any CPU
		{3C63D007-D4D1-4E3B-96CB-A3B2660FFDDF}.Release|Any CPU.Build.0 = Release|Any CPU
	EndGlobalSection
	GlobalSection(SolutionProperties) = preSolution
		HideSolutionNode = FALSE
	EndGlobalSection
	GlobalSection(ExtensibilityGlobals) = postSolution
		SolutionGuid = {9403A8C2-F64C-41DE-BA92-4E8DBD3434AC}
	EndGlobalSection
EndGlobal
